// !$*UTF8*$!
{
	archiveVersion = 1;
	classes = {
	};
	objectVersion = 50;
	objects = {

/* Begin PBXBuildFile section */
		74400C9227B2E06D0032678E /* AppDelegate.swift in Sources */ = {isa = PBXBuildFile; fileRef = 74400C9127B2E06D0032678E /* AppDelegate.swift */; };
		74400C9427B2E06D0032678E /* SceneDelegate.swift in Sources */ = {isa = PBXBuildFile; fileRef = 74400C9327B2E06D0032678E /* SceneDelegate.swift */; };
		74400C9627B2E06D0032678E /* ViewController.swift in Sources */ = {isa = PBXBuildFile; fileRef = 74400C9527B2E06D0032678E /* ViewController.swift */; };
		74400C9927B2E06D0032678E /* Main.storyboard in Resources */ = {isa = PBXBuildFile; fileRef = 74400C9727B2E06D0032678E /* Main.storyboard */; };
		74400C9B27B2E06E0032678E /* Assets.xcassets in Resources */ = {isa = PBXBuildFile; fileRef = 74400C9A27B2E06E0032678E /* Assets.xcassets */; };
		74400C9E27B2E06E0032678E /* LaunchScreen.storyboard in Resources */ = {isa = PBXBuildFile; fileRef = 74400C9C27B2E06E0032678E /* LaunchScreen.storyboard */; };
		74400CA927B2E06E0032678E /* castLabsTests.swift in Sources */ = {isa = PBXBuildFile; fileRef = 74400CA827B2E06E0032678E /* castLabsTests.swift */; };
		74400CB427B2E06E0032678E /* castLabsUITests.swift in Sources */ = {isa = PBXBuildFile; fileRef = 74400CB327B2E06E0032678E /* castLabsUITests.swift */; };
/* End PBXBuildFile section */

/* Begin PBXContainerItemProxy section */
		74400CA527B2E06E0032678E /* PBXContainerItemProxy */ = {
			isa = PBXContainerItemProxy;
			containerPortal = 74400C8627B2E06D0032678E /* Project object */;
			proxyType = 1;
			remoteGlobalIDString = 74400C8D27B2E06D0032678E;
			remoteInfo = castLabs;
		};
		74400CB027B2E06E0032678E /* PBXContainerItemProxy */ = {
			isa = PBXContainerItemProxy;
			containerPortal = 74400C8627B2E06D0032678E /* Project object */;
			proxyType = 1;
			remoteGlobalIDString = 74400C8D27B2E06D0032678E;
			remoteInfo = castLabs;
		};
/* End PBXContainerItemProxy section */

/* Begin PBXFileReference section */
		74400C8E27B2E06D0032678E /* castLabs.app */ = {isa = PBXFileReference; explicitFileType = wrapper.application; includeInIndex = 0; path = castLabs.app; sourceTree = BUILT_PRODUCTS_DIR; };
		74400C9127B2E06D0032678E /* AppDelegate.swift */ = {isa = PBXFileReference; lastKnownFileType = sourcecode.swift; path = AppDelegate.swift; sourceTree = "<group>"; };
		74400C9327B2E06D0032678E /* SceneDelegate.swift */ = {isa = PBXFileReference; lastKnownFileType = sourcecode.swift; path = SceneDelegate.swift; sourceTree = "<group>"; };
		74400C9527B2E06D0032678E /* ViewController.swift */ = {isa = PBXFileReference; lastKnownFileType = sourcecode.swift; path = ViewController.swift; sourceTree = "<group>"; };
		74400C9827B2E06D0032678E /* Base */ = {isa = PBXFileReference; lastKnownFileType = file.storyboard; name = Base; path = Base.lproj/Main.storyboard; sourceTree = "<group>"; };
		74400C9A27B2E06E0032678E /* Assets.xcassets */ = {isa = PBXFileReference; lastKnownFileType = folder.assetcatalog; path = Assets.xcassets; sourceTree = "<group>"; };
		74400C9D27B2E06E0032678E /* Base */ = {isa = PBXFileReference; lastKnownFileType = file.storyboard; name = Base; path = Base.lproj/LaunchScreen.storyboard; sourceTree = "<group>"; };
		74400C9F27B2E06E0032678E /* Info.plist */ = {isa = PBXFileReference; lastKnownFileType = text.plist.xml; path = Info.plist; sourceTree = "<group>"; };
		74400CA427B2E06E0032678E /* castLabsTests.xctest */ = {isa = PBXFileReference; explicitFileType = wrapper.cfbundle; includeInIndex = 0; path = castLabsTests.xctest; sourceTree = BUILT_PRODUCTS_DIR; };
		74400CA827B2E06E0032678E /* castLabsTests.swift */ = {isa = PBXFileReference; lastKnownFileType = sourcecode.swift; path = castLabsTests.swift; sourceTree = "<group>"; };
		74400CAA27B2E06E0032678E /* Info.plist */ = {isa = PBXFileReference; lastKnownFileType = text.plist.xml; path = Info.plist; sourceTree = "<group>"; };
		74400CAF27B2E06E0032678E /* castLabsUITests.xctest */ = {isa = PBXFileReference; explicitFileType = wrapper.cfbundle; includeInIndex = 0; path = castLabsUITests.xctest; sourceTree = BUILT_PRODUCTS_DIR; };
		74400CB327B2E06E0032678E /* castLabsUITests.swift */ = {isa = PBXFileReference; lastKnownFileType = sourcecode.swift; path = castLabsUITests.swift; sourceTree = "<group>"; };
		74400CB527B2E06E0032678E /* Info.plist */ = {isa = PBXFileReference; lastKnownFileType = text.plist.xml; path = Info.plist; sourceTree = "<group>"; };
/* End PBXFileReference section */

/* Begin PBXFrameworksBuildPhase section */
		74400C8B27B2E06D0032678E /* Frameworks */ = {
			isa = PBXFrameworksBuildPhase;
			buildActionMask = 2147483647;
			files = (
			);
			runOnlyForDeploymentPostprocessing = 0;
		};
		74400CA127B2E06E0032678E /* Frameworks */ = {
			isa = PBXFrameworksBuildPhase;
			buildActionMask = 2147483647;
			files = (
			);
			runOnlyForDeploymentPostprocessing = 0;
		};
		74400CAC27B2E06E0032678E /* Frameworks */ = {
			isa = PBXFrameworksBuildPhase;
			buildActionMask = 2147483647;
			files = (
			);
			runOnlyForDeploymentPostprocessing = 0;
		};
/* End PBXFrameworksBuildPhase section */

/* Begin PBXGroup section */
		74400C8527B2E06D0032678E = {
			isa = PBXGroup;
			children = (
				74400C9027B2E06D0032678E /* castLabs */,
				74400CA727B2E06E0032678E /* castLabsTests */,
				74400CB227B2E06E0032678E /* castLabsUITests */,
				74400C8F27B2E06D0032678E /* Products */,
			);
			sourceTree = "<group>";
		};
		74400C8F27B2E06D0032678E /* Products */ = {
			isa = PBXGroup;
			children = (
				74400C8E27B2E06D0032678E /* castLabs.app */,
				74400CA427B2E06E0032678E /* castLabsTests.xctest */,
				74400CAF27B2E06E0032678E /* castLabsUITests.xctest */,
			);
			name = Products;
			sourceTree = "<group>";
		};
		74400C9027B2E06D0032678E /* castLabs */ = {
			isa = PBXGroup;
			children = (
				74400C9127B2E06D0032678E /* AppDelegate.swift */,
				74400C9327B2E06D0032678E /* SceneDelegate.swift */,
				74400C9527B2E06D0032678E /* ViewController.swift */,
				74400C9727B2E06D0032678E /* Main.storyboard */,
				74400C9A27B2E06E0032678E /* Assets.xcassets */,
				74400C9C27B2E06E0032678E /* LaunchScreen.storyboard */,
				74400C9F27B2E06E0032678E /* Info.plist */,
			);
			path = castLabs;
			sourceTree = "<group>";
		};
		74400CA727B2E06E0032678E /* castLabsTests */ = {
			isa = PBXGroup;
			children = (
				74400CA827B2E06E0032678E /* castLabsTests.swift */,
				74400CAA27B2E06E0032678E /* Info.plist */,
			);
			path = castLabsTests;
			sourceTree = "<group>";
		};
		74400CB227B2E06E0032678E /* castLabsUITests */ = {
			isa = PBXGroup;
			children = (
				74400CB327B2E06E0032678E /* castLabsUITests.swift */,
				74400CB527B2E06E0032678E /* Info.plist */,
			);
			path = castLabsUITests;
			sourceTree = "<group>";
		};
/* End PBXGroup section */

/* Begin PBXNativeTarget section */
		74400C8D27B2E06D0032678E /* castLabs */ = {
			isa = PBXNativeTarget;
			buildConfigurationList = 74400CB827B2E06E0032678E /* Build configuration list for PBXNativeTarget "castLabs" */;
			buildPhases = (
				74400C8A27B2E06D0032678E /* Sources */,
				74400C8B27B2E06D0032678E /* Frameworks */,
				74400C8C27B2E06D0032678E /* Resources */,
			);
			buildRules = (
			);
			dependencies = (
			);
			name = castLabs;
			productName = castLabs;
			productReference = 74400C8E27B2E06D0032678E /* castLabs.app */;
			productType = "com.apple.product-type.application";
		};
		74400CA327B2E06E0032678E /* castLabsTests */ = {
			isa = PBXNativeTarget;
			buildConfigurationList = 74400CBB27B2E06E0032678E /* Build configuration list for PBXNativeTarget "castLabsTests" */;
			buildPhases = (
				74400CA027B2E06E0032678E /* Sources */,
				74400CA127B2E06E0032678E /* Frameworks */,
				74400CA227B2E06E0032678E /* Resources */,
			);
			buildRules = (
			);
			dependencies = (
				74400CA627B2E06E0032678E /* PBXTargetDependency */,
			);
			name = castLabsTests;
			productName = castLabsTests;
			productReference = 74400CA427B2E06E0032678E /* castLabsTests.xctest */;
			productType = "com.apple.product-type.bundle.unit-test";
		};
		74400CAE27B2E06E0032678E /* castLabsUITests */ = {
			isa = PBXNativeTarget;
			buildConfigurationList = 74400CBE27B2E06E0032678E /* Build configuration list for PBXNativeTarget "castLabsUITests" */;
			buildPhases = (
				74400CAB27B2E06E0032678E /* Sources */,
				74400CAC27B2E06E0032678E /* Frameworks */,
				74400CAD27B2E06E0032678E /* Resources */,
			);
			buildRules = (
			);
			dependencies = (
				74400CB127B2E06E0032678E /* PBXTargetDependency */,
			);
			name = castLabsUITests;
			productName = castLabsUITests;
			productReference = 74400CAF27B2E06E0032678E /* castLabsUITests.xctest */;
			productType = "com.apple.product-type.bundle.ui-testing";
		};
/* End PBXNativeTarget section */

/* Begin PBXProject section */
		74400C8627B2E06D0032678E /* Project object */ = {
			isa = PBXProject;
			attributes = {
				LastSwiftUpdateCheck = 1250;
				LastUpgradeCheck = 1250;
				TargetAttributes = {
					74400C8D27B2E06D0032678E = {
						CreatedOnToolsVersion = 12.5.1;
					};
					74400CA327B2E06E0032678E = {
						CreatedOnToolsVersion = 12.5.1;
						TestTargetID = 74400C8D27B2E06D0032678E;
					};
					74400CAE27B2E06E0032678E = {
						CreatedOnToolsVersion = 12.5.1;
						TestTargetID = 74400C8D27B2E06D0032678E;
					};
				};
			};
			buildConfigurationList = 74400C8927B2E06D0032678E /* Build configuration list for PBXProject "castLabs" */;
			compatibilityVersion = "Xcode 9.3";
			developmentRegion = en;
			hasScannedForEncodings = 0;
			knownRegions = (
				en,
				Base,
			);
			mainGroup = 74400C8527B2E06D0032678E;
			productRefGroup = 74400C8F27B2E06D0032678E /* Products */;
			projectDirPath = "";
			projectRoot = "";
			targets = (
				74400C8D27B2E06D0032678E /* castLabs */,
				74400CA327B2E06E0032678E /* castLabsTests */,
				74400CAE27B2E06E0032678E /* castLabsUITests */,
			);
		};
/* End PBXProject section */

/* Begin PBXResourcesBuildPhase section */
		74400C8C27B2E06D0032678E /* Resources */ = {
			isa = PBXResourcesBuildPhase;
			buildActionMask = 2147483647;
			files = (
				74400C9E27B2E06E0032678E /* LaunchScreen.storyboard in Resources */,
				74400C9B27B2E06E0032678E /* Assets.xcassets in Resources */,
				74400C9927B2E06D0032678E /* Main.storyboard in Resources */,
			);
			runOnlyForDeploymentPostprocessing = 0;
		};
		74400CA227B2E06E0032678E /* Resources */ = {
			isa = PBXResourcesBuildPhase;
			buildActionMask = 2147483647;
			files = (
			);
			runOnlyForDeploymentPostprocessing = 0;
		};
		74400CAD27B2E06E0032678E /* Resources */ = {
			isa = PBXResourcesBuildPhase;
			buildActionMask = 2147483647;
			files = (
			);
			runOnlyForDeploymentPostprocessing = 0;
		};
/* End PBXResourcesBuildPhase section */

/* Begin PBXSourcesBuildPhase section */
		74400C8A27B2E06D0032678E /* Sources */ = {
			isa = PBXSourcesBuildPhase;
			buildActionMask = 2147483647;
			files = (
				74400C9627B2E06D0032678E /* ViewController.swift in Sources */,
				74400C9227B2E06D0032678E /* AppDelegate.swift in Sources */,
				74400C9427B2E06D0032678E /* SceneDelegate.swift in Sources */,
			);
			runOnlyForDeploymentPostprocessing = 0;
		};
		74400CA027B2E06E0032678E /* Sources */ = {
			isa = PBXSourcesBuildPhase;
			buildActionMask = 2147483647;
			files = (
				74400CA927B2E06E0032678E /* castLabsTests.swift in Sources */,
			);
			runOnlyForDeploymentPostprocessing = 0;
		};
		74400CAB27B2E06E0032678E /* Sources */ = {
			isa = PBXSourcesBuildPhase;
			buildActionMask = 2147483647;
			files = (
				74400CB427B2E06E0032678E /* castLabsUITests.swift in Sources */,
			);
			runOnlyForDeploymentPostprocessing = 0;
		};
/* End PBXSourcesBuildPhase section */

/* Begin PBXTargetDependency section */
		74400CA627B2E06E0032678E /* PBXTargetDependency */ = {
			isa = PBXTargetDependency;
			target = 74400C8D27B2E06D0032678E /* castLabs */;
			targetProxy = 74400CA527B2E06E0032678E /* PBXContainerItemProxy */;
		};
		74400CB127B2E06E0032678E /* PBXTargetDependency */ = {
			isa = PBXTargetDependency;
			target = 74400C8D27B2E06D0032678E /* castLabs */;
			targetProxy = 74400CB027B2E06E0032678E /* PBXContainerItemProxy */;
		};
/* End PBXTargetDependency section */

/* Begin PBXVariantGroup section */
		74400C9727B2E06D0032678E /* Main.storyboard */ = {
			isa = PBXVariantGroup;
			children = (
				74400C9827B2E06D0032678E /* Base */,
			);
			name = Main.storyboard;
			sourceTree = "<group>";
		};
		74400C9C27B2E06E0032678E /* LaunchScreen.storyboard */ = {
			isa = PBXVariantGroup;
			children = (
				74400C9D27B2E06E0032678E /* Base */,
			);
			name = LaunchScreen.storyboard;
			sourceTree = "<group>";
		};
/* End PBXVariantGroup section */

/* Begin XCBuildConfiguration section */
		74400CB627B2E06E0032678E /* Debug */ = {
			isa = XCBuildConfiguration;
			buildSettings = {
				ALWAYS_SEARCH_USER_PATHS = NO;
				CLANG_ANALYZER_NONNULL = YES;
				CLANG_ANALYZER_NUMBER_OBJECT_CONVERSION = YES_AGGRESSIVE;
				CLANG_CXX_LANGUAGE_STANDARD = "gnu++14";
				CLANG_CXX_LIBRARY = "libc++";
				CLANG_ENABLE_MODULES = YES;
				CLANG_ENABLE_OBJC_ARC = YES;
				CLANG_ENABLE_OBJC_WEAK = YES;
				CLANG_WARN_BLOCK_CAPTURE_AUTORELEASING = YES;
				CLANG_WARN_BOOL_CONVERSION = YES;
				CLANG_WARN_COMMA = YES;
				CLANG_WARN_CONSTANT_CONVERSION = YES;
				CLANG_WARN_DEPRECATED_OBJC_IMPLEMENTATIONS = YES;
				CLANG_WARN_DIRECT_OBJC_ISA_USAGE = YES_ERROR;
				CLANG_WARN_DOCUMENTATION_COMMENTS = YES;
				CLANG_WARN_EMPTY_BODY = YES;
				CLANG_WARN_ENUM_CONVERSION = YES;
				CLANG_WARN_INFINITE_RECURSION = YES;
				CLANG_WARN_INT_CONVERSION = YES;
				CLANG_WARN_NON_LITERAL_NULL_CONVERSION = YES;
				CLANG_WARN_OBJC_IMPLICIT_RETAIN_SELF = YES;
				CLANG_WARN_OBJC_LITERAL_CONVERSION = YES;
				CLANG_WARN_OBJC_ROOT_CLASS = YES_ERROR;
				CLANG_WARN_QUOTED_INCLUDE_IN_FRAMEWORK_HEADER = YES;
				CLANG_WARN_RANGE_LOOP_ANALYSIS = YES;
				CLANG_WARN_STRICT_PROTOTYPES = YES;
				CLANG_WARN_SUSPICIOUS_MOVE = YES;
				CLANG_WARN_UNGUARDED_AVAILABILITY = YES_AGGRESSIVE;
				CLANG_WARN_UNREACHABLE_CODE = YES;
				CLANG_WARN__DUPLICATE_METHOD_MATCH = YES;
				COPY_PHASE_STRIP = NO;
				DEBUG_INFORMATION_FORMAT = dwarf;
				ENABLE_STRICT_OBJC_MSGSEND = YES;
				ENABLE_TESTABILITY = YES;
				GCC_C_LANGUAGE_STANDARD = gnu11;
				GCC_DYNAMIC_NO_PIC = NO;
				GCC_NO_COMMON_BLOCKS = YES;
				GCC_OPTIMIZATION_LEVEL = 0;
				GCC_PREPROCESSOR_DEFINITIONS = (
					"DEBUG=1",
					"$(inherited)",
				);
				GCC_WARN_64_TO_32_BIT_CONVERSION = YES;
				GCC_WARN_ABOUT_RETURN_TYPE = YES_ERROR;
				GCC_WARN_UNDECLARED_SELECTOR = YES;
				GCC_WARN_UNINITIALIZED_AUTOS = YES_AGGRESSIVE;
				GCC_WARN_UNUSED_FUNCTION = YES;
				GCC_WARN_UNUSED_VARIABLE = YES;
				IPHONEOS_DEPLOYMENT_TARGET = 14.5;
				MTL_ENABLE_DEBUG_INFO = INCLUDE_SOURCE;
				MTL_FAST_MATH = YES;
				ONLY_ACTIVE_ARCH = YES;
				SDKROOT = iphoneos;
				SWIFT_ACTIVE_COMPILATION_CONDITIONS = DEBUG;
				SWIFT_OPTIMIZATION_LEVEL = "-Onone";
			};
			name = Debug;
		};
		74400CB727B2E06E0032678E /* Release */ = {
			isa = XCBuildConfiguration;
			buildSettings = {
				ALWAYS_SEARCH_USER_PATHS = NO;
				CLANG_ANALYZER_NONNULL = YES;
				CLANG_ANALYZER_NUMBER_OBJECT_CONVERSION = YES_AGGRESSIVE;
				CLANG_CXX_LANGUAGE_STANDARD = "gnu++14";
				CLANG_CXX_LIBRARY = "libc++";
				CLANG_ENABLE_MODULES = YES;
				CLANG_ENABLE_OBJC_ARC = YES;
				CLANG_ENABLE_OBJC_WEAK = YES;
				CLANG_WARN_BLOCK_CAPTURE_AUTORELEASING = YES;
				CLANG_WARN_BOOL_CONVERSION = YES;
				CLANG_WARN_COMMA = YES;
				CLANG_WARN_CONSTANT_CONVERSION = YES;
				CLANG_WARN_DEPRECATED_OBJC_IMPLEMENTATIONS = YES;
				CLANG_WARN_DIRECT_OBJC_ISA_USAGE = YES_ERROR;
				CLANG_WARN_DOCUMENTATION_COMMENTS = YES;
				CLANG_WARN_EMPTY_BODY = YES;
				CLANG_WARN_ENUM_CONVERSION = YES;
				CLANG_WARN_INFINITE_RECURSION = YES;
				CLANG_WARN_INT_CONVERSION = YES;
				CLANG_WARN_NON_LITERAL_NULL_CONVERSION = YES;
				CLANG_WARN_OBJC_IMPLICIT_RETAIN_SELF = YES;
				CLANG_WARN_OBJC_LITERAL_CONVERSION = YES;
				CLANG_WARN_OBJC_ROOT_CLASS = YES_ERROR;
				CLANG_WARN_QUOTED_INCLUDE_IN_FRAMEWORK_HEADER = YES;
				CLANG_WARN_RANGE_LOOP_ANALYSIS = YES;
				CLANG_WARN_STRICT_PROTOTYPES = YES;
				CLANG_WARN_SUSPICIOUS_MOVE = YES;
				CLANG_WARN_UNGUARDED_AVAILABILITY = YES_AGGRESSIVE;
				CLANG_WARN_UNREACHABLE_CODE = YES;
				CLANG_WARN__DUPLICATE_METHOD_MATCH = YES;
				COPY_PHASE_STRIP = NO;
				DEBUG_INFORMATION_FORMAT = "dwarf-with-dsym";
				ENABLE_NS_ASSERTIONS = NO;
				ENABLE_STRICT_OBJC_MSGSEND = YES;
				GCC_C_LANGUAGE_STANDARD = gnu11;
				GCC_NO_COMMON_BLOCKS = YES;
				GCC_WARN_64_TO_32_BIT_CONVERSION = YES;
				GCC_WARN_ABOUT_RETURN_TYPE = YES_ERROR;
				GCC_WARN_UNDECLARED_SELECTOR = YES;
				GCC_WARN_UNINITIALIZED_AUTOS = YES_AGGRESSIVE;
				GCC_WARN_UNUSED_FUNCTION = YES;
				GCC_WARN_UNUSED_VARIABLE = YES;
				IPHONEOS_DEPLOYMENT_TARGET = 14.5;
				MTL_ENABLE_DEBUG_INFO = NO;
				MTL_FAST_MATH = YES;
				SDKROOT = iphoneos;
				SWIFT_COMPILATION_MODE = wholemodule;
				SWIFT_OPTIMIZATION_LEVEL = "-O";
				VALIDATE_PRODUCT = YES;
			};
			name = Release;
		};
		74400CB927B2E06E0032678E /* Debug */ = {
			isa = XCBuildConfiguration;
			buildSettings = {
				ASSETCATALOG_COMPILER_APPICON_NAME = AppIcon;
				ASSETCATALOG_COMPILER_GLOBAL_ACCENT_COLOR_NAME = AccentColor;
				CODE_SIGN_STYLE = Automatic;
				DEVELOPMENT_TEAM = T66C43W4KH;
				INFOPLIST_FILE = castLabs/Info.plist;
				LD_RUNPATH_SEARCH_PATHS = (
					"$(inherited)",
					"@executable_path/Frameworks",
				);
				PRODUCT_BUNDLE_IDENTIFIER = castLabs.castLabs;
				PRODUCT_NAME = "$(TARGET_NAME)";
				SWIFT_VERSION = 5.0;
				TARGETED_DEVICE_FAMILY = "1,2";
			};
			name = Debug;
		};
		74400CBA27B2E06E0032678E /* Release */ = {
			isa = XCBuildConfiguration;
			buildSettings = {
				ASSETCATALOG_COMPILER_APPICON_NAME = AppIcon;
				ASSETCATALOG_COMPILER_GLOBAL_ACCENT_COLOR_NAME = AccentColor;
				CODE_SIGN_STYLE = Automatic;
				DEVELOPMENT_TEAM = T66C43W4KH;
				INFOPLIST_FILE = castLabs/Info.plist;
				LD_RUNPATH_SEARCH_PATHS = (
					"$(inherited)",
					"@executable_path/Frameworks",
				);
				PRODUCT_BUNDLE_IDENTIFIER = castLabs.castLabs;
				PRODUCT_NAME = "$(TARGET_NAME)";
				SWIFT_VERSION = 5.0;
				TARGETED_DEVICE_FAMILY = "1,2";
			};
			name = Release;
		};
		74400CBC27B2E06E0032678E /* Debug */ = {
			isa = XCBuildConfiguration;
			buildSettings = {
				ALWAYS_EMBED_SWIFT_STANDARD_LIBRARIES = YES;
				BUNDLE_LOADER = "$(TEST_HOST)";
				CODE_SIGN_STYLE = Automatic;
				DEVELOPMENT_TEAM = T66C43W4KH;
				INFOPLIST_FILE = castLabsTests/Info.plist;
				IPHONEOS_DEPLOYMENT_TARGET = 14.5;
				LD_RUNPATH_SEARCH_PATHS = (
					"$(inherited)",
					"@executable_path/Frameworks",
					"@loader_path/Frameworks",
				);
				PRODUCT_BUNDLE_IDENTIFIER = castLabs.castLabsTests;
				PRODUCT_NAME = "$(TARGET_NAME)";
				SWIFT_VERSION = 5.0;
				TARGETED_DEVICE_FAMILY = "1,2";
				TEST_HOST = "$(BUILT_PRODUCTS_DIR)/castLabs.app/castLabs";
			};
			name = Debug;
		};
		74400CBD27B2E06E0032678E /* Release */ = {
			isa = XCBuildConfiguration;
			buildSettings = {
				ALWAYS_EMBED_SWIFT_STANDARD_LIBRARIES = YES;
				BUNDLE_LOADER = "$(TEST_HOST)";
				CODE_SIGN_STYLE = Automatic;
				DEVELOPMENT_TEAM = T66C43W4KH;
				INFOPLIST_FILE = castLabsTests/Info.plist;
				IPHONEOS_DEPLOYMENT_TARGET = 14.5;
				LD_RUNPATH_SEARCH_PATHS = (
					"$(inherited)",
					"@executable_path/Frameworks",
					"@loader_path/Frameworks",
				);
				PRODUCT_BUNDLE_IDENTIFIER = castLabs.castLabsTests;
				PRODUCT_NAME = "$(TARGET_NAME)";
				SWIFT_VERSION = 5.0;
				TARGETED_DEVICE_FAMILY = "1,2";
				TEST_HOST = "$(BUILT_PRODUCTS_DIR)/castLabs.app/castLabs";
			};
			name = Release;
		};
		74400CBF27B2E06E0032678E /* Debug */ = {
			isa = XCBuildConfiguration;
			buildSettings = {
				ALWAYS_EMBED_SWIFT_STANDARD_LIBRARIES = YES;
				CODE_SIGN_STYLE = Automatic;
				DEVELOPMENT_TEAM = T66C43W4KH;
				INFOPLIST_FILE = castLabsUITests/Info.plist;
				LD_RUNPATH_SEARCH_PATHS = (
					"$(inherited)",
					"@executable_path/Frameworks",
					"@loader_path/Frameworks",
				);
				PRODUCT_BUNDLE_IDENTIFIER = castLabs.castLabsUITests;
				PRODUCT_NAME = "$(TARGET_NAME)";
				SWIFT_VERSION = 5.0;
				TARGETED_DEVICE_FAMILY = "1,2";
				TEST_TARGET_NAME = castLabs;
			};
			name = Debug;
		};
		74400CC027B2E06E0032678E /* Release */ = {
			isa = XCBuildConfiguration;
			buildSettings = {
				ALWAYS_EMBED_SWIFT_STANDARD_LIBRARIES = YES;
				CODE_SIGN_STYLE = Automatic;
				DEVELOPMENT_TEAM = T66C43W4KH;
				INFOPLIST_FILE = castLabsUITests/Info.plist;
				LD_RUNPATH_SEARCH_PATHS = (
					"$(inherited)",
					"@executable_path/Frameworks",
					"@loader_path/Frameworks",
				);
				PRODUCT_BUNDLE_IDENTIFIER = castLabs.castLabsUITests;
				PRODUCT_NAME = "$(TARGET_NAME)";
				SWIFT_VERSION = 5.0;
				TARGETED_DEVICE_FAMILY = "1,2";
				TEST_TARGET_NAME = castLabs;
			};
			name = Release;
		};
/* End XCBuildConfiguration section */

/* Begin XCConfigurationList section */
		74400C8927B2E06D0032678E /* Build configuration list for PBXProject "castLabs" */ = {
			isa = XCConfigurationList;
			buildConfigurations = (
				74400CB627B2E06E0032678E /* Debug */,
				74400CB727B2E06E0032678E /* Release */,
			);
			defaultConfigurationIsVisible = 0;
			defaultConfigurationName = Release;
		};
		74400CB827B2E06E0032678E /* Build configuration list for PBXNativeTarget "castLabs" */ = {
			isa = XCConfigurationList;
			buildConfigurations = (
				74400CB927B2E06E0032678E /* Debug */,
				74400CBA27B2E06E0032678E /* Release */,
			);
			defaultConfigurationIsVisible = 0;
			defaultConfigurationName = Release;
		};
		74400CBB27B2E06E0032678E /* Build configuration list for PBXNativeTarget "castLabsTests" */ = {
			isa = XCConfigurationList;
			buildConfigurations = (
				74400CBC27B2E06E0032678E /* Debug */,
				74400CBD27B2E06E0032678E /* Release */,
			);
			defaultConfigurationIsVisible = 0;
			defaultConfigurationName = Release;
		};
		74400CBE27B2E06E0032678E /* Build configuration list for PBXNativeTarget "castLabsUITests" */ = {
			isa = XCConfigurationList;
			buildConfigurations = (
				74400CBF27B2E06E0032678E /* Debug */,
				74400CC027B2E06E0032678E /* Release */,
			);
			defaultConfigurationIsVisible = 0;
			defaultConfigurationName = Release;
		};
/* End XCConfigurationList section */
	};
	rootObject = 74400C8627B2E06D0032678E /* Project object */;
}
